
Microsoft Visual Studio Solution File, Format Version 12.00
Project("{FAE04EC0-301F-11D3-BF4B-00C04F79EFBC}") = "Lab1", "Lab1\Lab1.csproj", "{C5BECE55-AE8A-459E-AD82-FD62302DAD4C}"
EndProject
Global
	GlobalSection(SolutionConfigurationPlatforms) = preSolution
		Debug|Any CPU = Debug|Any CPU
		Release|Any CPU = Release|Any CPU
	EndGlobalSection
	GlobalSection(ProjectConfigurationPlatforms) = postSolution
		{C5BECE55-AE8A-459E-AD82-FD62302DAD4C}.Debug|Any CPU.ActiveCfg = Debug|Any CPU
		{C5BECE55-AE8A-459E-AD82-FD62302DAD4C}.Debug|Any CPU.Build.0 = Debug|Any CPU
		{C5BECE55-AE8A-459E-AD82-FD62302DAD4C}.Release|Any CPU.ActiveCfg = Release|Any CPU
		{C5BECE55-AE8A-459E-AD82-FD62302DAD4C}.Release|Any CPU.Build.0 = Release|Any CPU
	EndGlobalSection
EndGlobal
